// !$*UTF8*$!
{
	archiveVersion = 1;
	classes = {
	};
	objectVersion = 56;
	objects = {

/* Begin PBXBuildFile section */
		C527C5D12993581E0089F7F4 /* AppDelegate.swift in Sources */ = {isa = PBXBuildFile; fileRef = C527C5D02993581E0089F7F4 /* AppDelegate.swift */; };
		C527C5D32993581E0089F7F4 /* SceneDelegate.swift in Sources */ = {isa = PBXBuildFile; fileRef = C527C5D22993581E0089F7F4 /* SceneDelegate.swift */; };
		C527C5D52993581E0089F7F4 /* ViewController.swift in Sources */ = {isa = PBXBuildFile; fileRef = C527C5D42993581E0089F7F4 /* ViewController.swift */; };
		C527C5D82993581E0089F7F4 /* Main.storyboard in Resources */ = {isa = PBXBuildFile; fileRef = C527C5D62993581E0089F7F4 /* Main.storyboard */; };
		C527C5DA299358200089F7F4 /* Assets.xcassets in Resources */ = {isa = PBXBuildFile; fileRef = C527C5D9299358200089F7F4 /* Assets.xcassets */; };
		C527C5DD299358200089F7F4 /* LaunchScreen.storyboard in Resources */ = {isa = PBXBuildFile; fileRef = C527C5DB299358200089F7F4 /* LaunchScreen.storyboard */; };
		C527C5E8299358210089F7F4 /* VortexApplicationTests.swift in Sources */ = {isa = PBXBuildFile; fileRef = C527C5E7299358210089F7F4 /* VortexApplicationTests.swift */; };
		C527C5F2299358210089F7F4 /* VortexApplicationUITests.swift in Sources */ = {isa = PBXBuildFile; fileRef = C527C5F1299358210089F7F4 /* VortexApplicationUITests.swift */; };
		C527C5F4299358210089F7F4 /* VortexApplicationUITestsLaunchTests.swift in Sources */ = {isa = PBXBuildFile; fileRef = C527C5F3299358210089F7F4 /* VortexApplicationUITestsLaunchTests.swift */; };
		C563C4B2299530A900220C47 /* PhotoViewController.swift in Sources */ = {isa = PBXBuildFile; fileRef = C563C4B1299530A900220C47 /* PhotoViewController.swift */; };
		C563C4B429953C9D00220C47 /* PhotoTableViewCell.swift in Sources */ = {isa = PBXBuildFile; fileRef = C563C4B329953C9D00220C47 /* PhotoTableViewCell.swift */; };
		C563C4B929953E8000220C47 /* PhotoDataModel.swift in Sources */ = {isa = PBXBuildFile; fileRef = C563C4B829953E8000220C47 /* PhotoDataModel.swift */; };
		C563C4BB2995406F00220C47 /* ViewPhotoVC.swift in Sources */ = {isa = PBXBuildFile; fileRef = C563C4BA2995406F00220C47 /* ViewPhotoVC.swift */; };
		C563C4BD29955A9D00220C47 /* VideoDataModel.swift in Sources */ = {isa = PBXBuildFile; fileRef = C563C4BC29955A9D00220C47 /* VideoDataModel.swift */; };
/* End PBXBuildFile section */

/* Begin PBXContainerItemProxy section */
		C527C5E4299358210089F7F4 /* PBXContainerItemProxy */ = {
			isa = PBXContainerItemProxy;
			containerPortal = C527C5C52993581E0089F7F4 /* Project object */;
			proxyType = 1;
			remoteGlobalIDString = C527C5CC2993581E0089F7F4;
			remoteInfo = VortexApplication;
		};
		C527C5EE299358210089F7F4 /* PBXContainerItemProxy */ = {
			isa = PBXContainerItemProxy;
			containerPortal = C527C5C52993581E0089F7F4 /* Project object */;
			proxyType = 1;
			remoteGlobalIDString = C527C5CC2993581E0089F7F4;
			remoteInfo = VortexApplication;
		};
/* End PBXContainerItemProxy section */

/* Begin PBXFileReference section */
		C527C5CD2993581E0089F7F4 /* VortexApplication.app */ = {isa = PBXFileReference; explicitFileType = wrapper.application; includeInIndex = 0; path = VortexApplication.app; sourceTree = BUILT_PRODUCTS_DIR; };
		C527C5D02993581E0089F7F4 /* AppDelegate.swift */ = {isa = PBXFileReference; lastKnownFileType = sourcecode.swift; path = AppDelegate.swift; sourceTree = "<group>"; };
		C527C5D22993581E0089F7F4 /* SceneDelegate.swift */ = {isa = PBXFileReference; lastKnownFileType = sourcecode.swift; path = SceneDelegate.swift; sourceTree = "<group>"; };
		C527C5D42993581E0089F7F4 /* ViewController.swift */ = {isa = PBXFileReference; lastKnownFileType = sourcecode.swift; path = ViewController.swift; sourceTree = "<group>"; };
		C527C5D72993581E0089F7F4 /* Base */ = {isa = PBXFileReference; lastKnownFileType = file.storyboard; name = Base; path = Base.lproj/Main.storyboard; sourceTree = "<group>"; };
		C527C5D9299358200089F7F4 /* Assets.xcassets */ = {isa = PBXFileReference; lastKnownFileType = folder.assetcatalog; path = Assets.xcassets; sourceTree = "<group>"; };
		C527C5DC299358200089F7F4 /* Base */ = {isa = PBXFileReference; lastKnownFileType = file.storyboard; name = Base; path = Base.lproj/LaunchScreen.storyboard; sourceTree = "<group>"; };
		C527C5DE299358200089F7F4 /* Info.plist */ = {isa = PBXFileReference; lastKnownFileType = text.plist.xml; path = Info.plist; sourceTree = "<group>"; };
		C527C5E3299358210089F7F4 /* VortexApplicationTests.xctest */ = {isa = PBXFileReference; explicitFileType = wrapper.cfbundle; includeInIndex = 0; path = VortexApplicationTests.xctest; sourceTree = BUILT_PRODUCTS_DIR; };
		C527C5E7299358210089F7F4 /* VortexApplicationTests.swift */ = {isa = PBXFileReference; lastKnownFileType = sourcecode.swift; path = VortexApplicationTests.swift; sourceTree = "<group>"; };
		C527C5ED299358210089F7F4 /* VortexApplicationUITests.xctest */ = {isa = PBXFileReference; explicitFileType = wrapper.cfbundle; includeInIndex = 0; path = VortexApplicationUITests.xctest; sourceTree = BUILT_PRODUCTS_DIR; };
		C527C5F1299358210089F7F4 /* VortexApplicationUITests.swift */ = {isa = PBXFileReference; lastKnownFileType = sourcecode.swift; path = VortexApplicationUITests.swift; sourceTree = "<group>"; };
		C527C5F3299358210089F7F4 /* VortexApplicationUITestsLaunchTests.swift */ = {isa = PBXFileReference; lastKnownFileType = sourcecode.swift; path = VortexApplicationUITestsLaunchTests.swift; sourceTree = "<group>"; };
		C563C4B1299530A900220C47 /* PhotoViewController.swift */ = {isa = PBXFileReference; lastKnownFileType = sourcecode.swift; path = PhotoViewController.swift; sourceTree = "<group>"; };
		C563C4B329953C9D00220C47 /* PhotoTableViewCell.swift */ = {isa = PBXFileReference; lastKnownFileType = sourcecode.swift; path = PhotoTableViewCell.swift; sourceTree = "<group>"; };
		C563C4B829953E8000220C47 /* PhotoDataModel.swift */ = {isa = PBXFileReference; lastKnownFileType = sourcecode.swift; path = PhotoDataModel.swift; sourceTree = "<group>"; };
		C563C4BA2995406F00220C47 /* ViewPhotoVC.swift */ = {isa = PBXFileReference; lastKnownFileType = sourcecode.swift; path = ViewPhotoVC.swift; sourceTree = "<group>"; };
		C563C4BC29955A9D00220C47 /* VideoDataModel.swift */ = {isa = PBXFileReference; lastKnownFileType = sourcecode.swift; path = VideoDataModel.swift; sourceTree = "<group>"; };
/* End PBXFileReference section */

/* Begin PBXFrameworksBuildPhase section */
		C527C5CA2993581E0089F7F4 /* Frameworks */ = {
			isa = PBXFrameworksBuildPhase;
			buildActionMask = 2147483647;
			files = (
			);
			runOnlyForDeploymentPostprocessing = 0;
		};
		C527C5E0299358210089F7F4 /* Frameworks */ = {
			isa = PBXFrameworksBuildPhase;
			buildActionMask = 2147483647;
			files = (
			);
			runOnlyForDeploymentPostprocessing = 0;
		};
		C527C5EA299358210089F7F4 /* Frameworks */ = {
			isa = PBXFrameworksBuildPhase;
			buildActionMask = 2147483647;
			files = (
			);
			runOnlyForDeploymentPostprocessing = 0;
		};
/* End PBXFrameworksBuildPhase section */

/* Begin PBXGroup section */
		C527C5C42993581E0089F7F4 = {
			isa = PBXGroup;
			children = (
				C527C5CF2993581E0089F7F4 /* VortexApplication */,
				C527C5E6299358210089F7F4 /* VortexApplicationTests */,
				C527C5F0299358210089F7F4 /* VortexApplicationUITests */,
				C527C5CE2993581E0089F7F4 /* Products */,
			);
			sourceTree = "<group>";
		};
		C527C5CE2993581E0089F7F4 /* Products */ = {
			isa = PBXGroup;
			children = (
				C527C5CD2993581E0089F7F4 /* VortexApplication.app */,
				C527C5E3299358210089F7F4 /* VortexApplicationTests.xctest */,
				C527C5ED299358210089F7F4 /* VortexApplicationUITests.xctest */,
			);
			name = Products;
			sourceTree = "<group>";
		};
		C527C5CF2993581E0089F7F4 /* VortexApplication */ = {
			isa = PBXGroup;
			children = (
				C527C5D02993581E0089F7F4 /* AppDelegate.swift */,
				C527C5D22993581E0089F7F4 /* SceneDelegate.swift */,
				C527C5D42993581E0089F7F4 /* ViewController.swift */,
				C527C5D62993581E0089F7F4 /* Main.storyboard */,
				C527C5D9299358200089F7F4 /* Assets.xcassets */,
				C527C5DB299358200089F7F4 /* LaunchScreen.storyboard */,
				C527C5DE299358200089F7F4 /* Info.plist */,
				C563C4B1299530A900220C47 /* PhotoViewController.swift */,
				C563C4B329953C9D00220C47 /* PhotoTableViewCell.swift */,
				C563C4B829953E8000220C47 /* PhotoDataModel.swift */,
				C563C4BA2995406F00220C47 /* ViewPhotoVC.swift */,
				C563C4BC29955A9D00220C47 /* VideoDataModel.swift */,
			);
			path = VortexApplication;
			sourceTree = "<group>";
		};
		C527C5E6299358210089F7F4 /* VortexApplicationTests */ = {
			isa = PBXGroup;
			children = (
				C527C5E7299358210089F7F4 /* VortexApplicationTests.swift */,
			);
			path = VortexApplicationTests;
			sourceTree = "<group>";
		};
		C527C5F0299358210089F7F4 /* VortexApplicationUITests */ = {
			isa = PBXGroup;
			children = (
				C527C5F1299358210089F7F4 /* VortexApplicationUITests.swift */,
				C527C5F3299358210089F7F4 /* VortexApplicationUITestsLaunchTests.swift */,
			);
			path = VortexApplicationUITests;
			sourceTree = "<group>";
		};
/* End PBXGroup section */

/* Begin PBXNativeTarget section */
		C527C5CC2993581E0089F7F4 /* VortexApplication */ = {
			isa = PBXNativeTarget;
			buildConfigurationList = C527C5F7299358210089F7F4 /* Build configuration list for PBXNativeTarget "VortexApplication" */;
			buildPhases = (
				C527C5C92993581E0089F7F4 /* Sources */,
				C527C5CA2993581E0089F7F4 /* Frameworks */,
				C527C5CB2993581E0089F7F4 /* Resources */,
			);
			buildRules = (
			);
			dependencies = (
			);
			name = VortexApplication;
			productName = VortexApplication;
			productReference = C527C5CD2993581E0089F7F4 /* VortexApplication.app */;
			productType = "com.apple.product-type.application";
		};
		C527C5E2299358210089F7F4 /* VortexApplicationTests */ = {
			isa = PBXNativeTarget;
			buildConfigurationList = C527C5FA299358210089F7F4 /* Build configuration list for PBXNativeTarget "VortexApplicationTests" */;
			buildPhases = (
				C527C5DF299358210089F7F4 /* Sources */,
				C527C5E0299358210089F7F4 /* Frameworks */,
				C527C5E1299358210089F7F4 /* Resources */,
			);
			buildRules = (
			);
			dependencies = (
				C527C5E5299358210089F7F4 /* PBXTargetDependency */,
			);
			name = VortexApplicationTests;
			productName = VortexApplicationTests;
			productReference = C527C5E3299358210089F7F4 /* VortexApplicationTests.xctest */;
			productType = "com.apple.product-type.bundle.unit-test";
		};
		C527C5EC299358210089F7F4 /* VortexApplicationUITests */ = {
			isa = PBXNativeTarget;
			buildConfigurationList = C527C5FD299358210089F7F4 /* Build configuration list for PBXNativeTarget "VortexApplicationUITests" */;
			buildPhases = (
				C527C5E9299358210089F7F4 /* Sources */,
				C527C5EA299358210089F7F4 /* Frameworks */,
				C527C5EB299358210089F7F4 /* Resources */,
			);
			buildRules = (
			);
			dependencies = (
				C527C5EF299358210089F7F4 /* PBXTargetDependency */,
			);
			name = VortexApplicationUITests;
			productName = VortexApplicationUITests;
			productReference = C527C5ED299358210089F7F4 /* VortexApplicationUITests.xctest */;
			productType = "com.apple.product-type.bundle.ui-testing";
		};
/* End PBXNativeTarget section */

/* Begin PBXProject section */
		C527C5C52993581E0089F7F4 /* Project object */ = {
			isa = PBXProject;
			attributes = {
				BuildIndependentTargetsInParallel = 1;
				LastSwiftUpdateCheck = 1420;
				LastUpgradeCheck = 1420;
				TargetAttributes = {
					C527C5CC2993581E0089F7F4 = {
						CreatedOnToolsVersion = 14.2;
					};
					C527C5E2299358210089F7F4 = {
						CreatedOnToolsVersion = 14.2;
						TestTargetID = C527C5CC2993581E0089F7F4;
					};
					C527C5EC299358210089F7F4 = {
						CreatedOnToolsVersion = 14.2;
						TestTargetID = C527C5CC2993581E0089F7F4;
					};
				};
			};
			buildConfigurationList = C527C5C82993581E0089F7F4 /* Build configuration list for PBXProject "VortexApplication" */;
			compatibilityVersion = "Xcode 14.0";
			developmentRegion = en;
			hasScannedForEncodings = 0;
			knownRegions = (
				en,
				Base,
			);
			mainGroup = C527C5C42993581E0089F7F4;
			productRefGroup = C527C5CE2993581E0089F7F4 /* Products */;
			projectDirPath = "";
			projectRoot = "";
			targets = (
				C527C5CC2993581E0089F7F4 /* VortexApplication */,
				C527C5E2299358210089F7F4 /* VortexApplicationTests */,
				C527C5EC299358210089F7F4 /* VortexApplicationUITests */,
			);
		};
/* End PBXProject section */

/* Begin PBXResourcesBuildPhase section */
		C527C5CB2993581E0089F7F4 /* Resources */ = {
			isa = PBXResourcesBuildPhase;
			buildActionMask = 2147483647;
			files = (
				C527C5DD299358200089F7F4 /* LaunchScreen.storyboard in Resources */,
				C527C5DA299358200089F7F4 /* Assets.xcassets in Resources */,
				C527C5D82993581E0089F7F4 /* Main.storyboard in Resources */,
			);
			runOnlyForDeploymentPostprocessing = 0;
		};
		C527C5E1299358210089F7F4 /* Resources */ = {
			isa = PBXResourcesBuildPhase;
			buildActionMask = 2147483647;
			files = (
			);
			runOnlyForDeploymentPostprocessing = 0;
		};
		C527C5EB299358210089F7F4 /* Resources */ = {
			isa = PBXResourcesBuildPhase;
			buildActionMask = 2147483647;
			files = (
			);
			runOnlyForDeploymentPostprocessing = 0;
		};
/* End PBXResourcesBuildPhase section */

/* Begin PBXSourcesBuildPhase section */
		C527C5C92993581E0089F7F4 /* Sources */ = {
			isa = PBXSourcesBuildPhase;
			buildActionMask = 2147483647;
			files = (
				C563C4B929953E8000220C47 /* PhotoDataModel.swift in Sources */,
				C563C4BD29955A9D00220C47 /* VideoDataModel.swift in Sources */,
				C563C4B429953C9D00220C47 /* PhotoTableViewCell.swift in Sources */,
				C527C5D52993581E0089F7F4 /* ViewController.swift in Sources */,
				C563C4BB2995406F00220C47 /* ViewPhotoVC.swift in Sources */,
				C563C4B2299530A900220C47 /* PhotoViewController.swift in Sources */,
				C527C5D12993581E0089F7F4 /* AppDelegate.swift in Sources */,
				C527C5D32993581E0089F7F4 /* SceneDelegate.swift in Sources */,
			);
			runOnlyForDeploymentPostprocessing = 0;
		};
		C527C5DF299358210089F7F4 /* Sources */ = {
			isa = PBXSourcesBuildPhase;
			buildActionMask = 2147483647;
			files = (
				C527C5E8299358210089F7F4 /* VortexApplicationTests.swift in Sources */,
			);
			runOnlyForDeploymentPostprocessing = 0;
		};
		C527C5E9299358210089F7F4 /* Sources */ = {
			isa = PBXSourcesBuildPhase;
			buildActionMask = 2147483647;
			files = (
				C527C5F2299358210089F7F4 /* VortexApplicationUITests.swift in Sources */,
				C527C5F4299358210089F7F4 /* VortexApplicationUITestsLaunchTests.swift in Sources */,
			);
			runOnlyForDeploymentPostprocessing = 0;
		};
/* End PBXSourcesBuildPhase section */

/* Begin PBXTargetDependency section */
		C527C5E5299358210089F7F4 /* PBXTargetDependency */ = {
			isa = PBXTargetDependency;
			target = C527C5CC2993581E0089F7F4 /* VortexApplication */;
			targetProxy = C527C5E4299358210089F7F4 /* PBXContainerItemProxy */;
		};
		C527C5EF299358210089F7F4 /* PBXTargetDependency */ = {
			isa = PBXTargetDependency;
			target = C527C5CC2993581E0089F7F4 /* VortexApplication */;
			targetProxy = C527C5EE299358210089F7F4 /* PBXContainerItemProxy */;
		};
/* End PBXTargetDependency section */

/* Begin PBXVariantGroup section */
		C527C5D62993581E0089F7F4 /* Main.storyboard */ = {
			isa = PBXVariantGroup;
			children = (
				C527C5D72993581E0089F7F4 /* Base */,
			);
			name = Main.storyboard;
			sourceTree = "<group>";
		};
		C527C5DB299358200089F7F4 /* LaunchScreen.storyboard */ = {
			isa = PBXVariantGroup;
			children = (
				C527C5DC299358200089F7F4 /* Base */,
			);
			name = LaunchScreen.storyboard;
			sourceTree = "<group>";
		};
/* End PBXVariantGroup section */

/* Begin XCBuildConfiguration section */
		C527C5F5299358210089F7F4 /* Debug */ = {
			isa = XCBuildConfiguration;
			buildSettings = {
				ALWAYS_SEARCH_USER_PATHS = NO;
				CLANG_ANALYZER_NONNULL = YES;
				CLANG_ANALYZER_NUMBER_OBJECT_CONVERSION = YES_AGGRESSIVE;
				CLANG_CXX_LANGUAGE_STANDARD = "gnu++20";
				CLANG_ENABLE_MODULES = YES;
				CLANG_ENABLE_OBJC_ARC = YES;
				CLANG_ENABLE_OBJC_WEAK = YES;
				CLANG_WARN_BLOCK_CAPTURE_AUTORELEASING = YES;
				CLANG_WARN_BOOL_CONVERSION = YES;
				CLANG_WARN_COMMA = YES;
				CLANG_WARN_CONSTANT_CONVERSION = YES;
				CLANG_WARN_DEPRECATED_OBJC_IMPLEMENTATIONS = YES;
				CLANG_WARN_DIRECT_OBJC_ISA_USAGE = YES_ERROR;
				CLANG_WARN_DOCUMENTATION_COMMENTS = YES;
				CLANG_WARN_EMPTY_BODY = YES;
				CLANG_WARN_ENUM_CONVERSION = YES;
				CLANG_WARN_INFINITE_RECURSION = YES;
				CLANG_WARN_INT_CONVERSION = YES;
				CLANG_WARN_NON_LITERAL_NULL_CONVERSION = YES;
				CLANG_WARN_OBJC_IMPLICIT_RETAIN_SELF = YES;
				CLANG_WARN_OBJC_LITERAL_CONVERSION = YES;
				CLANG_WARN_OBJC_ROOT_CLASS = YES_ERROR;
				CLANG_WARN_QUOTED_INCLUDE_IN_FRAMEWORK_HEADER = YES;
				CLANG_WARN_RANGE_LOOP_ANALYSIS = YES;
				CLANG_WARN_STRICT_PROTOTYPES = YES;
				CLANG_WARN_SUSPICIOUS_MOVE = YES;
				CLANG_WARN_UNGUARDED_AVAILABILITY = YES_AGGRESSIVE;
				CLANG_WARN_UNREACHABLE_CODE = YES;
				CLANG_WARN__DUPLICATE_METHOD_MATCH = YES;
				COPY_PHASE_STRIP = NO;
				DEBUG_INFORMATION_FORMAT = dwarf;
				ENABLE_STRICT_OBJC_MSGSEND = YES;
				ENABLE_TESTABILITY = YES;
				GCC_C_LANGUAGE_STANDARD = gnu11;
				GCC_DYNAMIC_NO_PIC = NO;
				GCC_NO_COMMON_BLOCKS = YES;
				GCC_OPTIMIZATION_LEVEL = 0;
				GCC_PREPROCESSOR_DEFINITIONS = (
					"DEBUG=1",
					"$(inherited)",
				);
				GCC_WARN_64_TO_32_BIT_CONVERSION = YES;
				GCC_WARN_ABOUT_RETURN_TYPE = YES_ERROR;
				GCC_WARN_UNDECLARED_SELECTOR = YES;
				GCC_WARN_UNINITIALIZED_AUTOS = YES_AGGRESSIVE;
				GCC_WARN_UNUSED_FUNCTION = YES;
				GCC_WARN_UNUSED_VARIABLE = YES;
				IPHONEOS_DEPLOYMENT_TARGET = 16.2;
				MTL_ENABLE_DEBUG_INFO = INCLUDE_SOURCE;
				MTL_FAST_MATH = YES;
				ONLY_ACTIVE_ARCH = YES;
				SDKROOT = iphoneos;
				SWIFT_ACTIVE_COMPILATION_CONDITIONS = DEBUG;
				SWIFT_OPTIMIZATION_LEVEL = "-Onone";
			};
			name = Debug;
		};
		C527C5F6299358210089F7F4 /* Release */ = {
			isa = XCBuildConfiguration;
			buildSettings = {
				ALWAYS_SEARCH_USER_PATHS = NO;
				CLANG_ANALYZER_NONNULL = YES;
				CLANG_ANALYZER_NUMBER_OBJECT_CONVERSION = YES_AGGRESSIVE;
				CLANG_CXX_LANGUAGE_STANDARD = "gnu++20";
				CLANG_ENABLE_MODULES = YES;
				CLANG_ENABLE_OBJC_ARC = YES;
				CLANG_ENABLE_OBJC_WEAK = YES;
				CLANG_WARN_BLOCK_CAPTURE_AUTORELEASING = YES;
				CLANG_WARN_BOOL_CONVERSION = YES;
				CLANG_WARN_COMMA = YES;
				CLANG_WARN_CONSTANT_CONVERSION = YES;
				CLANG_WARN_DEPRECATED_OBJC_IMPLEMENTATIONS = YES;
				CLANG_WARN_DIRECT_OBJC_ISA_USAGE = YES_ERROR;
				CLANG_WARN_DOCUMENTATION_COMMENTS = YES;
				CLANG_WARN_EMPTY_BODY = YES;
				CLANG_WARN_ENUM_CONVERSION = YES;
				CLANG_WARN_INFINITE_RECURSION = YES;
				CLANG_WARN_INT_CONVERSION = YES;
				CLANG_WARN_NON_LITERAL_NULL_CONVERSION = YES;
				CLANG_WARN_OBJC_IMPLICIT_RETAIN_SELF = YES;
				CLANG_WARN_OBJC_LITERAL_CONVERSION = YES;
				CLANG_WARN_OBJC_ROOT_CLASS = YES_ERROR;
				CLANG_WARN_QUOTED_INCLUDE_IN_FRAMEWORK_HEADER = YES;
				CLANG_WARN_RANGE_LOOP_ANALYSIS = YES;
				CLANG_WARN_STRICT_PROTOTYPES = YES;
				CLANG_WARN_SUSPICIOUS_MOVE = YES;
				CLANG_WARN_UNGUARDED_AVAILABILITY = YES_AGGRESSIVE;
				CLANG_WARN_UNREACHABLE_CODE = YES;
				CLANG_WARN__DUPLICATE_METHOD_MATCH = YES;
				COPY_PHASE_STRIP = NO;
				DEBUG_INFORMATION_FORMAT = "dwarf-with-dsym";
				ENABLE_NS_ASSERTIONS = NO;
				ENABLE_STRICT_OBJC_MSGSEND = YES;
				GCC_C_LANGUAGE_STANDARD = gnu11;
				GCC_NO_COMMON_BLOCKS = YES;
				GCC_WARN_64_TO_32_BIT_CONVERSION = YES;
				GCC_WARN_ABOUT_RETURN_TYPE = YES_ERROR;
				GCC_WARN_UNDECLARED_SELECTOR = YES;
				GCC_WARN_UNINITIALIZED_AUTOS = YES_AGGRESSIVE;
				GCC_WARN_UNUSED_FUNCTION = YES;
				GCC_WARN_UNUSED_VARIABLE = YES;
				IPHONEOS_DEPLOYMENT_TARGET = 16.2;
				MTL_ENABLE_DEBUG_INFO = NO;
				MTL_FAST_MATH = YES;
				SDKROOT = iphoneos;
				SWIFT_COMPILATION_MODE = wholemodule;
				SWIFT_OPTIMIZATION_LEVEL = "-O";
				VALIDATE_PRODUCT = YES;
			};
			name = Release;
		};
		C527C5F8299358210089F7F4 /* Debug */ = {
			isa = XCBuildConfiguration;
			buildSettings = {
				ASSETCATALOG_COMPILER_APPICON_NAME = AppIcon;
				ASSETCATALOG_COMPILER_GLOBAL_ACCENT_COLOR_NAME = AccentColor;
				CODE_SIGN_STYLE = Automatic;
				CURRENT_PROJECT_VERSION = 1;
				GENERATE_INFOPLIST_FILE = YES;
				INFOPLIST_FILE = VortexApplication/Info.plist;
				INFOPLIST_KEY_UIApplicationSupportsIndirectInputEvents = YES;
				INFOPLIST_KEY_UILaunchStoryboardName = LaunchScreen;
				INFOPLIST_KEY_UIMainStoryboardFile = Main;
				INFOPLIST_KEY_UISupportedInterfaceOrientations_iPad = "UIInterfaceOrientationPortrait UIInterfaceOrientationPortraitUpsideDown UIInterfaceOrientationLandscapeLeft UIInterfaceOrientationLandscapeRight";
				INFOPLIST_KEY_UISupportedInterfaceOrientations_iPhone = "UIInterfaceOrientationPortrait UIInterfaceOrientationLandscapeLeft UIInterfaceOrientationLandscapeRight";
				LD_RUNPATH_SEARCH_PATHS = (
					"$(inherited)",
					"@executable_path/Frameworks",
				);
				MARKETING_VERSION = 1.0;
				PRODUCT_BUNDLE_IDENTIFIER = com.bajaj.vortex.VortexApplication;
				PRODUCT_NAME = "$(TARGET_NAME)";
				SWIFT_EMIT_LOC_STRINGS = YES;
				SWIFT_VERSION = 5.0;
				TARGETED_DEVICE_FAMILY = "1,2";
			};
			name = Debug;
		};
		C527C5F9299358210089F7F4 /* Release */ = {
			isa = XCBuildConfiguration;
			buildSettings = {
				ASSETCATALOG_COMPILER_APPICON_NAME = AppIcon;
				ASSETCATALOG_COMPILER_GLOBAL_ACCENT_COLOR_NAME = AccentColor;
				CODE_SIGN_STYLE = Automatic;
				CURRENT_PROJECT_VERSION = 1;
				GENERATE_INFOPLIST_FILE = YES;
				INFOPLIST_FILE = VortexApplication/Info.plist;
				INFOPLIST_KEY_UIApplicationSupportsIndirectInputEvents = YES;
				INFOPLIST_KEY_UILaunchStoryboardName = LaunchScreen;
				INFOPLIST_KEY_UIMainStoryboardFile = Main;
				INFOPLIST_KEY_UISupportedInterfaceOrientations_iPad = "UIInterfaceOrientationPortrait UIInterfaceOrientationPortraitUpsideDown UIInterfaceOrientationLandscapeLeft UIInterfaceOrientationLandscapeRight";
				INFOPLIST_KEY_UISupportedInterfaceOrientations_iPhone = "UIInterfaceOrientationPortrait UIInterfaceOrientationLandscapeLeft UIInterfaceOrientationLandscapeRight";
				LD_RUNPATH_SEARCH_PATHS = (
					"$(inherited)",
					"@executable_path/Frameworks",
				);
				MARKETING_VERSION = 1.0;
				PRODUCT_BUNDLE_IDENTIFIER = com.bajaj.vortex.VortexApplication;
				PRODUCT_NAME = "$(TARGET_NAME)";
				SWIFT_EMIT_LOC_STRINGS = YES;
				SWIFT_VERSION = 5.0;
				TARGETED_DEVICE_FAMILY = "1,2";
			};
			name = Release;
		};
		C527C5FB299358210089F7F4 /* Debug */ = {
			isa = XCBuildConfiguration;
			buildSettings = {
				ALWAYS_EMBED_SWIFT_STANDARD_LIBRARIES = YES;
				BUNDLE_LOADER = "$(TEST_HOST)";
				CODE_SIGN_STYLE = Automatic;
				CURRENT_PROJECT_VERSION = 1;
				GENERATE_INFOPLIST_FILE = YES;
				IPHONEOS_DEPLOYMENT_TARGET = 16.2;
				MARKETING_VERSION = 1.0;
				PRODUCT_BUNDLE_IDENTIFIER = com.bajaj.vortex.VortexApplicationTests;
				PRODUCT_NAME = "$(TARGET_NAME)";
				SWIFT_EMIT_LOC_STRINGS = NO;
				SWIFT_VERSION = 5.0;
				TARGETED_DEVICE_FAMILY = "1,2";
				TEST_HOST = "$(BUILT_PRODUCTS_DIR)/VortexApplication.app/$(BUNDLE_EXECUTABLE_FOLDER_PATH)/VortexApplication";
			};
			name = Debug;
		};
		C527C5FC299358210089F7F4 /* Release */ = {
			isa = XCBuildConfiguration;
			buildSettings = {
				ALWAYS_EMBED_SWIFT_STANDARD_LIBRARIES = YES;
				BUNDLE_LOADER = "$(TEST_HOST)";
				CODE_SIGN_STYLE = Automatic;
				CURRENT_PROJECT_VERSION = 1;
				GENERATE_INFOPLIST_FILE = YES;
				IPHONEOS_DEPLOYMENT_TARGET = 16.2;
				MARKETING_VERSION = 1.0;
				PRODUCT_BUNDLE_IDENTIFIER = com.bajaj.vortex.VortexApplicationTests;
				PRODUCT_NAME = "$(TARGET_NAME)";
				SWIFT_EMIT_LOC_STRINGS = NO;
				SWIFT_VERSION = 5.0;
				TARGETED_DEVICE_FAMILY = "1,2";
				TEST_HOST = "$(BUILT_PRODUCTS_DIR)/VortexApplication.app/$(BUNDLE_EXECUTABLE_FOLDER_PATH)/VortexApplication";
			};
			name = Release;
		};
		C527C5FE299358210089F7F4 /* Debug */ = {
			isa = XCBuildConfiguration;
			buildSettings = {
				ALWAYS_EMBED_SWIFT_STANDARD_LIBRARIES = YES;
				CODE_SIGN_STYLE = Automatic;
				CURRENT_PROJECT_VERSION = 1;
				GENERATE_INFOPLIST_FILE = YES;
				MARKETING_VERSION = 1.0;
				PRODUCT_BUNDLE_IDENTIFIER = com.bajaj.vortex.VortexApplicationUITests;
				PRODUCT_NAME = "$(TARGET_NAME)";
				SWIFT_EMIT_LOC_STRINGS = NO;
				SWIFT_VERSION = 5.0;
				TARGETED_DEVICE_FAMILY = "1,2";
				TEST_TARGET_NAME = VortexApplication;
			};
			name = Debug;
		};
		C527C5FF299358210089F7F4 /* Release */ = {
			isa = XCBuildConfiguration;
			buildSettings = {
				ALWAYS_EMBED_SWIFT_STANDARD_LIBRARIES = YES;
				CODE_SIGN_STYLE = Automatic;
				CURRENT_PROJECT_VERSION = 1;
				GENERATE_INFOPLIST_FILE = YES;
				MARKETING_VERSION = 1.0;
				PRODUCT_BUNDLE_IDENTIFIER = com.bajaj.vortex.VortexApplicationUITests;
				PRODUCT_NAME = "$(TARGET_NAME)";
				SWIFT_EMIT_LOC_STRINGS = NO;
				SWIFT_VERSION = 5.0;
				TARGETED_DEVICE_FAMILY = "1,2";
				TEST_TARGET_NAME = VortexApplication;
			};
			name = Release;
		};
/* End XCBuildConfiguration section */

/* Begin XCConfigurationList section */
		C527C5C82993581E0089F7F4 /* Build configuration list for PBXProject "VortexApplication" */ = {
			isa = XCConfigurationList;
			buildConfigurations = (
				C527C5F5299358210089F7F4 /* Debug */,
				C527C5F6299358210089F7F4 /* Release */,
			);
			defaultConfigurationIsVisible = 0;
			defaultConfigurationName = Release;
		};
		C527C5F7299358210089F7F4 /* Build configuration list for PBXNativeTarget "VortexApplication" */ = {
			isa = XCConfigurationList;
			buildConfigurations = (
				C527C5F8299358210089F7F4 /* Debug */,
				C527C5F9299358210089F7F4 /* Release */,
			);
			defaultConfigurationIsVisible = 0;
			defaultConfigurationName = Release;
		};
		C527C5FA299358210089F7F4 /* Build configuration list for PBXNativeTarget "VortexApplicationTests" */ = {
			isa = XCConfigurationList;
			buildConfigurations = (
				C527C5FB299358210089F7F4 /* Debug */,
				C527C5FC299358210089F7F4 /* Release */,
			);
			defaultConfigurationIsVisible = 0;
			defaultConfigurationName = Release;
		};
		C527C5FD299358210089F7F4 /* Build configuration list for PBXNativeTarget "VortexApplicationUITests" */ = {
			isa = XCConfigurationList;
			buildConfigurations = (
				C527C5FE299358210089F7F4 /* Debug */,
				C527C5FF299358210089F7F4 /* Release */,
			);
			defaultConfigurationIsVisible = 0;
			defaultConfigurationName = Release;
		};
/* End XCConfigurationList section */
	};
	rootObject = C527C5C52993581E0089F7F4 /* Project object */;
}
